
Microsoft Visual Studio Solution File, Format Version 12.00
# Visual Studio Version 17
VisualStudioVersion = 17.0.31903.59
MinimumVisualStudioVersion = 10.0.40219.1
Project("{FAE04EC0-301F-11D3-BF4B-00C04F79EFBC}") = "Mentora.API", "Mentora.API\Mentora.API.csproj", "{5C8D9B95-91F8-4B83-B2FC-A790CD60DFB0}"
EndProject
Project("{FAE04EC0-301F-11D3-BF4B-00C04F79EFBC}") = "Mentora.Core", "Mentora.Core\Mentora.Core.csproj", "{067FE2FB-70D5-4769-AD51-CE8CADB64F95}"
EndProject
Project("{FAE04EC0-301F-11D3-BF4B-00C04F79EFBC}") = "Mentora.Infrastructure", "Mentora.Infrastructure\Mentora.Infrastructure.csproj", "{9845E725-6BD6-4922-A613-DB8969E74C44}"
EndProject
Global
	GlobalSection(SolutionConfigurationPlatforms) = preSolution
		Debug|Any CPU = Debug|Any CPU
		Release|Any CPU = Release|Any CPU
	EndGlobalSection
	GlobalSection(SolutionProperties) = preSolution
		HideSolutionNode = FALSE
	EndGlobalSection
	GlobalSection(ProjectConfigurationPlatforms) = postSolution
		{5C8D9B95-91F8-4B83-B2FC-A790CD60DFB0}.Debug|Any CPU.ActiveCfg = Debug|Any CPU
		{5C8D9B95-91F8-4B83-B2FC-A790CD60DFB0}.Debug|Any CPU.Build.0 = Debug|Any CPU
		{5C8D9B95-91F8-4B83-B2FC-A790CD60DFB0}.Release|Any CPU.ActiveCfg = Release|Any CPU
		{5C8D9B95-91F8-4B83-B2FC-A790CD60DFB0}.Release|Any CPU.Build.0 = Release|Any CPU
		{067FE2FB-70D5-4769-AD51-CE8CADB64F95}.Debug|Any CPU.ActiveCfg = Debug|Any CPU
		{067FE2FB-70D5-4769-AD51-CE8CADB64F95}.Debug|Any CPU.Build.0 = Debug|Any CPU
		{067FE2FB-70D5-4769-AD51-CE8CADB64F95}.Release|Any CPU.ActiveCfg = Release|Any CPU
		{067FE2FB-70D5-4769-AD51-CE8CADB64F95}.Release|Any CPU.Build.0 = Release|Any CPU
		{9845E725-6BD6-4922-A613-DB8969E74C44}.Debug|Any CPU.ActiveCfg = Debug|Any CPU
		{9845E725-6BD6-4922-A613-DB8969E74C44}.Debug|Any CPU.Build.0 = Debug|Any CPU
		{9845E725-6BD6-4922-A613-DB8969E74C44}.Release|Any CPU.ActiveCfg = Release|Any CPU
		{9845E725-6BD6-4922-A613-DB8969E74C44}.Release|Any CPU.Build.0 = Release|Any CPU
	EndGlobalSection
EndGlobal
